
Microsoft Visual Studio Solution File, Format Version 12.00
# Visual Studio 15
VisualStudioVersion = 15.0.27130.2010
MinimumVisualStudioVersion = 10.0.40219.1
Project("{FAE04EC0-301F-11D3-BF4B-00C04F79EFBC}") = "wordBingo", "wordBingo\wordBingo.csproj", "{97F3E997-5591-4EF1-9359-18717F68D1FA}"
EndProject
Global
	GlobalSection(SolutionConfigurationPlatforms) = preSolution
		Debug|Any CPU = Debug|Any CPU
		Release|Any CPU = Release|Any CPU
	EndGlobalSection
	GlobalSection(ProjectConfigurationPlatforms) = postSolution
		{97F3E997-5591-4EF1-9359-18717F68D1FA}.Debug|Any CPU.ActiveCfg = Debug|Any CPU
		{97F3E997-5591-4EF1-9359-18717F68D1FA}.Debug|Any CPU.Build.0 = Debug|Any CPU
		{97F3E997-5591-4EF1-9359-18717F68D1FA}.Release|Any CPU.ActiveCfg = Release|Any CPU
		{97F3E997-5591-4EF1-9359-18717F68D1FA}.Release|Any CPU.Build.0 = Release|Any CPU
	EndGlobalSection
	GlobalSection(SolutionProperties) = preSolution
		HideSolutionNode = FALSE
	EndGlobalSection
	GlobalSection(ExtensibilityGlobals) = postSolution
		SolutionGuid = {1219EDA1-4A78-4200-9510-BD180E559C8F}
	EndGlobalSection
EndGlobal
